{
  "name": "post-classified-for-docs",
  "version": "1.0.0",
  "description": "Post Classified Post for making doc",
  "main": "index.js",
  "scripts": {
    "test": "echo \"Error: no test specified\" && exit 1"
  },
  "repository": {
    "type": "git",
    "url": "git+https://github.com/codersaiful/post-classified-for-docs.git"
  },
  "keywords": [
    "wp",
    "plugin"
  ],
  "author": "Saiful Islam",
  "license": "ISC",
  "bugs": {
    "url": "https://github.com/codersaiful/post-classified-for-docs/issues"
  },
  "homepage": "https://github.com/codersaiful/post-classified-for-docs#readme"
}
